
Microsoft Visual Studio Solution File, Format Version 12.00
# Visual Studio Version 17
VisualStudioVersion = 17.0.31912.275
MinimumVisualStudioVersion = 10.0.40219.1
Project("{9A19103F-16F7-4668-BE54-9A1E7A4F7556}") = "MURDoX.Core", "MURDoX.Core\MURDoX.Core.csproj", "{29EFB3DD-1C51-4A8F-ADCD-D7729D3AE94E}"
EndProject
Project("{9A19103F-16F7-4668-BE54-9A1E7A4F7556}") = "MURDoX.Data", "MURDoX.Data\MURDoX.Data.csproj", "{E3CBFFB2-082E-488D-A207-6024004616C7}"
EndProject
Project("{9A19103F-16F7-4668-BE54-9A1E7A4F7556}") = "MURDoX.Services", "MURDoX.Services\MURDoX.Services.csproj", "{343B7FD2-7B5A-4460-8229-8A1CA1AEC913}"
EndProject
Global
	GlobalSection(SolutionConfigurationPlatforms) = preSolution
		Debug|Any CPU = Debug|Any CPU
		Release|Any CPU = Release|Any CPU
	EndGlobalSection
	GlobalSection(ProjectConfigurationPlatforms) = postSolution
		{29EFB3DD-1C51-4A8F-ADCD-D7729D3AE94E}.Debug|Any CPU.ActiveCfg = Debug|Any CPU
		{29EFB3DD-1C51-4A8F-ADCD-D7729D3AE94E}.Debug|Any CPU.Build.0 = Debug|Any CPU
		{29EFB3DD-1C51-4A8F-ADCD-D7729D3AE94E}.Release|Any CPU.ActiveCfg = Release|Any CPU
		{29EFB3DD-1C51-4A8F-ADCD-D7729D3AE94E}.Release|Any CPU.Build.0 = Release|Any CPU
		{E3CBFFB2-082E-488D-A207-6024004616C7}.Debug|Any CPU.ActiveCfg = Debug|Any CPU
		{E3CBFFB2-082E-488D-A207-6024004616C7}.Debug|Any CPU.Build.0 = Debug|Any CPU
		{E3CBFFB2-082E-488D-A207-6024004616C7}.Release|Any CPU.ActiveCfg = Release|Any CPU
		{E3CBFFB2-082E-488D-A207-6024004616C7}.Release|Any CPU.Build.0 = Release|Any CPU
		{343B7FD2-7B5A-4460-8229-8A1CA1AEC913}.Debug|Any CPU.ActiveCfg = Debug|Any CPU
		{343B7FD2-7B5A-4460-8229-8A1CA1AEC913}.Debug|Any CPU.Build.0 = Debug|Any CPU
		{343B7FD2-7B5A-4460-8229-8A1CA1AEC913}.Release|Any CPU.ActiveCfg = Release|Any CPU
		{343B7FD2-7B5A-4460-8229-8A1CA1AEC913}.Release|Any CPU.Build.0 = Release|Any CPU
	EndGlobalSection
	GlobalSection(SolutionProperties) = preSolution
		HideSolutionNode = FALSE
	EndGlobalSection
	GlobalSection(ExtensibilityGlobals) = postSolution
		SolutionGuid = {47B5E8C3-4CDD-40B9-B9BD-A1EE46A8949C}
	EndGlobalSection
EndGlobal
