
Microsoft Visual Studio Solution File, Format Version 12.00
# Visual Studio Version 17
VisualStudioVersion = 17.0.31912.275
MinimumVisualStudioVersion = 10.0.40219.1
Project("{FAE04EC0-301F-11D3-BF4B-00C04F79EFBC}") = "MURDoX.DiscordAccess", "MURDoX.DiscordAccess\MURDoX.DiscordAccess.csproj", "{60C62B50-3BC0-42E0-98CB-2D3A6DB21C4A}"
EndProject
Project("{FAE04EC0-301F-11D3-BF4B-00C04F79EFBC}") = "MURDoX.Core", "MURDoX.Core\MURDoX.Core.csproj", "{03E9B899-45E4-4246-AABD-31856AAEDEFA}"
EndProject
Global
	GlobalSection(SolutionConfigurationPlatforms) = preSolution
		Debug|Any CPU = Debug|Any CPU
		Release|Any CPU = Release|Any CPU
	EndGlobalSection
	GlobalSection(ProjectConfigurationPlatforms) = postSolution
		{60C62B50-3BC0-42E0-98CB-2D3A6DB21C4A}.Debug|Any CPU.ActiveCfg = Debug|Any CPU
		{60C62B50-3BC0-42E0-98CB-2D3A6DB21C4A}.Debug|Any CPU.Build.0 = Debug|Any CPU
		{60C62B50-3BC0-42E0-98CB-2D3A6DB21C4A}.Release|Any CPU.ActiveCfg = Release|Any CPU
		{60C62B50-3BC0-42E0-98CB-2D3A6DB21C4A}.Release|Any CPU.Build.0 = Release|Any CPU
		{03E9B899-45E4-4246-AABD-31856AAEDEFA}.Debug|Any CPU.ActiveCfg = Debug|Any CPU
		{03E9B899-45E4-4246-AABD-31856AAEDEFA}.Debug|Any CPU.Build.0 = Debug|Any CPU
		{03E9B899-45E4-4246-AABD-31856AAEDEFA}.Release|Any CPU.ActiveCfg = Release|Any CPU
		{03E9B899-45E4-4246-AABD-31856AAEDEFA}.Release|Any CPU.Build.0 = Release|Any CPU
	EndGlobalSection
	GlobalSection(SolutionProperties) = preSolution
		HideSolutionNode = FALSE
	EndGlobalSection
	GlobalSection(ExtensibilityGlobals) = postSolution
		SolutionGuid = {47B5E8C3-4CDD-40B9-B9BD-A1EE46A8949C}
	EndGlobalSection
EndGlobal
